
Microsoft Visual Studio Solution File, Format Version 12.00
# Visual Studio Version 16
VisualStudioVersion = 16.0.30907.101
MinimumVisualStudioVersion = 10.0.40219.1
Project("{FAE04EC0-301F-11D3-BF4B-00C04F79EFBC}") = "DataAccess", "DataAccess\DataAccess.csproj", "{044901FA-B6EE-4D56-A05F-120B198178A5}"
EndProject
Project("{FAE04EC0-301F-11D3-BF4B-00C04F79EFBC}") = "Business", "Business\Business.csproj", "{C7D8AEE8-1215-4E21-8626-363534CE2FA6}"
EndProject
Project("{FAE04EC0-301F-11D3-BF4B-00C04F79EFBC}") = "Entities", "Entities\Entities.csproj", "{E8595BB7-22C5-4C95-9508-72C1727C8D36}"
EndProject
Project("{FAE04EC0-301F-11D3-BF4B-00C04F79EFBC}") = "ConsoleUI", "ConsoleUI\ConsoleUI.csproj", "{0FABC331-DD1B-4161-9F6F-75614A153CE1}"
EndProject
Global
	GlobalSection(SolutionConfigurationPlatforms) = preSolution
		Debug|Any CPU = Debug|Any CPU
		Release|Any CPU = Release|Any CPU
	EndGlobalSection
	GlobalSection(ProjectConfigurationPlatforms) = postSolution
		{044901FA-B6EE-4D56-A05F-120B198178A5}.Debug|Any CPU.ActiveCfg = Debug|Any CPU
		{044901FA-B6EE-4D56-A05F-120B198178A5}.Debug|Any CPU.Build.0 = Debug|Any CPU
		{044901FA-B6EE-4D56-A05F-120B198178A5}.Release|Any CPU.ActiveCfg = Release|Any CPU
		{044901FA-B6EE-4D56-A05F-120B198178A5}.Release|Any CPU.Build.0 = Release|Any CPU
		{C7D8AEE8-1215-4E21-8626-363534CE2FA6}.Debug|Any CPU.ActiveCfg = Debug|Any CPU
		{C7D8AEE8-1215-4E21-8626-363534CE2FA6}.Debug|Any CPU.Build.0 = Debug|Any CPU
		{C7D8AEE8-1215-4E21-8626-363534CE2FA6}.Release|Any CPU.ActiveCfg = Release|Any CPU
		{C7D8AEE8-1215-4E21-8626-363534CE2FA6}.Release|Any CPU.Build.0 = Release|Any CPU
		{E8595BB7-22C5-4C95-9508-72C1727C8D36}.Debug|Any CPU.ActiveCfg = Debug|Any CPU
		{E8595BB7-22C5-4C95-9508-72C1727C8D36}.Debug|Any CPU.Build.0 = Debug|Any CPU
		{E8595BB7-22C5-4C95-9508-72C1727C8D36}.Release|Any CPU.ActiveCfg = Release|Any CPU
		{E8595BB7-22C5-4C95-9508-72C1727C8D36}.Release|Any CPU.Build.0 = Release|Any CPU
		{0FABC331-DD1B-4161-9F6F-75614A153CE1}.Debug|Any CPU.ActiveCfg = Debug|Any CPU
		{0FABC331-DD1B-4161-9F6F-75614A153CE1}.Debug|Any CPU.Build.0 = Debug|Any CPU
		{0FABC331-DD1B-4161-9F6F-75614A153CE1}.Release|Any CPU.ActiveCfg = Release|Any CPU
		{0FABC331-DD1B-4161-9F6F-75614A153CE1}.Release|Any CPU.Build.0 = Release|Any CPU
	EndGlobalSection
	GlobalSection(SolutionProperties) = preSolution
		HideSolutionNode = FALSE
	EndGlobalSection
	GlobalSection(ExtensibilityGlobals) = postSolution
		SolutionGuid = {08BA2FA1-8C1A-4741-B36D-B85631061525}
	EndGlobalSection
EndGlobal
